
Microsoft Visual Studio Solution File, Format Version 12.00
# Visual Studio Version 17
VisualStudioVersion = 17.9.34728.123
MinimumVisualStudioVersion = 10.0.40219.1
Project("{FAE04EC0-301F-11D3-BF4B-00C04F79EFBC}") = "Zahlwort2Num", "Zahlwort2Num\Zahlwort2Num.csproj", "{7529824F-1743-4D6E-8776-B40B5F08978E}"
EndProject
Project("{FAE04EC0-301F-11D3-BF4B-00C04F79EFBC}") = "Zahlwort2NumTests", "Zahlwort2NumTests\Zahlwort2NumTests.csproj", "{5CF7A39F-5276-4E51-9DC7-A006CAD1AFEF}"
EndProject
Global
	GlobalSection(SolutionConfigurationPlatforms) = preSolution
		Debug|Any CPU = Debug|Any CPU
		Release|Any CPU = Release|Any CPU
	EndGlobalSection
	GlobalSection(ProjectConfigurationPlatforms) = postSolution
		{7529824F-1743-4D6E-8776-B40B5F08978E}.Debug|Any CPU.ActiveCfg = Debug|Any CPU
		{7529824F-1743-4D6E-8776-B40B5F08978E}.Debug|Any CPU.Build.0 = Debug|Any CPU
		{7529824F-1743-4D6E-8776-B40B5F08978E}.Release|Any CPU.ActiveCfg = Release|Any CPU
		{7529824F-1743-4D6E-8776-B40B5F08978E}.Release|Any CPU.Build.0 = Release|Any CPU
		{5CF7A39F-5276-4E51-9DC7-A006CAD1AFEF}.Debug|Any CPU.ActiveCfg = Debug|Any CPU
		{5CF7A39F-5276-4E51-9DC7-A006CAD1AFEF}.Debug|Any CPU.Build.0 = Debug|Any CPU
		{5CF7A39F-5276-4E51-9DC7-A006CAD1AFEF}.Release|Any CPU.ActiveCfg = Release|Any CPU
		{5CF7A39F-5276-4E51-9DC7-A006CAD1AFEF}.Release|Any CPU.Build.0 = Release|Any CPU
	EndGlobalSection
	GlobalSection(SolutionProperties) = preSolution
		HideSolutionNode = FALSE
	EndGlobalSection
	GlobalSection(ExtensibilityGlobals) = postSolution
		SolutionGuid = {625BD837-3FD6-42E9-A1FA-07159A311674}
	EndGlobalSection
EndGlobal
